
Microsoft Visual Studio Solution File, Format Version 12.00
# Visual Studio Version 17
VisualStudioVersion = 17.5.002.0
MinimumVisualStudioVersion = 10.0.40219.1
Project("{9A19103F-16F7-4668-BE54-9A1E7A4F7556}") = "AspNetWebApiBoilerplate", "AspNetWebApiBoilerplate.csproj", "{9E300C17-770E-4A0A-8B38-44C762467FFD}"
EndProject
Global
	GlobalSection(SolutionConfigurationPlatforms) = preSolution
		Debug|Any CPU = Debug|Any CPU
		Release|Any CPU = Release|Any CPU
	EndGlobalSection
	GlobalSection(ProjectConfigurationPlatforms) = postSolution
		{9E300C17-770E-4A0A-8B38-44C762467FFD}.Debug|Any CPU.ActiveCfg = Debug|Any CPU
		{9E300C17-770E-4A0A-8B38-44C762467FFD}.Debug|Any CPU.Build.0 = Debug|Any CPU
		{9E300C17-770E-4A0A-8B38-44C762467FFD}.Release|Any CPU.ActiveCfg = Release|Any CPU
		{9E300C17-770E-4A0A-8B38-44C762467FFD}.Release|Any CPU.Build.0 = Release|Any CPU
	EndGlobalSection
	GlobalSection(SolutionProperties) = preSolution
		HideSolutionNode = FALSE
	EndGlobalSection
	GlobalSection(ExtensibilityGlobals) = postSolution
		SolutionGuid = {E075B4AA-634F-4118-950F-DE086A4DCC20}
	EndGlobalSection
EndGlobal
